{
  "lockfileVersion": 1,
  "generator": "@esneiderbravo/speclaw@2.0.1",
  "algorithm": "sha256",
  "root": "sha256:c07ade52f0ed0029eeb817a7bb948f21a5dd87adcde83535911cd6317a162b48",
  "files": {
    ".github/instructions/law-compass-does-not-import-foundation-1.instructions.md": {
      "digest": "sha256:e97bcfe4c51adfb84d9cf9260de14d7fabe6f32ba36a88f7741b380ad162ab85",
      "ownership": "strict"
    },
    ".github/instructions/law-honest-attribution-1.instructions.md": {
      "digest": "sha256:6851f7134924d829bf451f52e42cd481044eec44b4fd07005a5bfc7285c4e77c",
      "ownership": "strict"
    },
    ".github/instructions/law-local-first-1.instructions.md": {
      "digest": "sha256:f45e519ddd195ac5e2a6a3c9b8585d00b0223e52bcbbea698f55ac68e64040c4",
      "ownership": "strict"
    },
    ".github/instructions/law-no-module-cycles-1.instructions.md": {
      "digest": "sha256:38a1a42143b5040bb8637fc2d64891e9c55f872eadb2418c20bc0ead5260f5da",
      "ownership": "strict"
    },
    ".github/instructions/law-no-secrets-in-repo-1.instructions.md": {
      "digest": "sha256:b52ce9f9a77fb503babeed8da12e66c0cd3987b25429f8421431011f89bd46a1",
      "ownership": "strict"
    },
    ".github/instructions/law-protect-templates-1.instructions.md": {
      "digest": "sha256:c9cc307bb2644611abdab8cf34c65ec476848c1bbd6d6fe7b3dd56dd3cafb6f9",
      "ownership": "strict"
    },
    ".github/instructions/law-shared-stays-inner-1.instructions.md": {
      "digest": "sha256:249910f9bc30dbe3d83a30920e790077267b07c9907eaaae3b399662617da001",
      "ownership": "strict"
    },
    "AGENTS.md": {
      "digest": "sha256:d88655afbf8dd16f09ccbe80ef04b3d385cee6fe1dd92590e3d1c08088747648",
      "ownership": "strict"
    },
    "CLAUDE.md": {
      "digest": "sha256:debaffb6f18ba124f998edddb19162641c894bdbcd91022e38254dd59b60311b",
      "ownership": "strict"
    },
    "LAWS.md": {
      "digest": "sha256:d02c39f11aae1e591951eeb30cb0caeb1c885739bd9753026f719a9f16836fb0",
      "ownership": "advisory"
    },
    "docs/compass.md": {
      "digest": "sha256:a656fd58a610e63672edb7351f1e4b2cf1d6bc621ef0b995f99c977aa4500697",
      "ownership": "advisory"
    },
    "docs/standards/architecture.md": {
      "digest": "sha256:f56e17726588d2ca6e89803de41ba1a7d2ba017546c94ac6cf5a68bb82963dde",
      "ownership": "advisory"
    },
    "docs/standards/backend-standards.md": {
      "digest": "sha256:837a0f87736c338c520c12d66ff46654276aef62170c0688ab2680274b78381e",
      "ownership": "advisory"
    },
    "docs/standards/base-standards.md": {
      "digest": "sha256:855ddaa3a601d774cc19240e771cfb80c262d9ceb7837952e132215bf9f59f12",
      "ownership": "advisory"
    },
    "docs/standards/conventions.md": {
      "digest": "sha256:142d80a22b13ab474d721e2a429fede78c9491e69631d7a2812c466474634511",
      "ownership": "advisory"
    },
    "docs/standards/documentation.md": {
      "digest": "sha256:aabfc96579c73a8f3ac6690c682f016ac21bc98bc045fd94207de0049b137943",
      "ownership": "advisory"
    },
    "docs/standards/frontend-standards.md": {
      "digest": "sha256:09a444869c57ec2566ba52f95328f363a91693e6677a5fef07426c86ced64eb6",
      "ownership": "advisory"
    },
    "docs/standards/lawbook.md": {
      "digest": "sha256:bf495aceb8e8fc9ade03312efe318d84552f1a3577b4cc01d1d2788f26ee9299",
      "ownership": "advisory"
    },
    "docs/standards/testing-standards.md": {
      "digest": "sha256:f38dd6904a90764e40aed47bf4373027fa6ebb9992be243c71101d3815640b04",
      "ownership": "advisory"
    }
  },
  "symlinks": {},
  "accepted": [
    {
      "path": "CLAUDE.md",
      "digest": "sha256:debaffb6f18ba124f998edddb19162641c894bdbcd91022e38254dd59b60311b",
      "at": "2026-10-06T19:29:41.635Z",
      "by": "esneiderbravo"
    },
    {
      "path": "AGENTS.md",
      "digest": "sha256:d88655afbf8dd16f09ccbe80ef04b3d385cee6fe1dd92590e3d1c08088747648",
      "at": "2026-10-06T19:29:43.373Z",
      "by": "esneiderbravo"
    }
  ]
}
