{
  "lockfileVersion": 1,
  "generator": "@esneiderbravo/speclaw@1.0.0",
  "algorithm": "sha256",
  "root": "sha256:48ffebd84d5beb896c8512f897feab271421ea503561786ba76f80edc8ac018f",
  "files": {
    "AGENTS.md": {
      "digest": "sha256:f3882da6c0cdcd2548e2667866dcdd022e3eb64c89107b4218980d01e9592a48",
      "ownership": "strict"
    },
    "CLAUDE.md": {
      "digest": "sha256:d55975b682800de4bd41254fcbc1c20b8f08082d966d696a16748075c9e488f5",
      "ownership": "strict"
    },
    "LAWS.md": {
      "digest": "sha256:324ff0488430b283b3dcf9c418f8c665c79cb2e83d531e8d08661ea36878d331",
      "ownership": "advisory"
    },
    "docs/compass.md": {
      "digest": "sha256:e57689190ea0202825de285d2188329f6c814234a8871837b0d6e42a70f1bb59",
      "ownership": "advisory"
    },
    "docs/standards/architecture.md": {
      "digest": "sha256:c57cd71dc9e2401b093782be6565673ba6abec57c7834312b95802a95d931125",
      "ownership": "advisory"
    },
    "docs/standards/backend-standards.md": {
      "digest": "sha256:837a0f87736c338c520c12d66ff46654276aef62170c0688ab2680274b78381e",
      "ownership": "advisory"
    },
    "docs/standards/base-standards.md": {
      "digest": "sha256:855ddaa3a601d774cc19240e771cfb80c262d9ceb7837952e132215bf9f59f12",
      "ownership": "advisory"
    },
    "docs/standards/conventions.md": {
      "digest": "sha256:49c5e402de31eab85923652d73e2358f998cf51cff1c771c803b645edb88c6a2",
      "ownership": "advisory"
    },
    "docs/standards/documentation.md": {
      "digest": "sha256:aabfc96579c73a8f3ac6690c682f016ac21bc98bc045fd94207de0049b137943",
      "ownership": "advisory"
    },
    "docs/standards/frontend-standards.md": {
      "digest": "sha256:09a444869c57ec2566ba52f95328f363a91693e6677a5fef07426c86ced64eb6",
      "ownership": "advisory"
    },
    "docs/standards/lawbook.md": {
      "digest": "sha256:d604701ce87a31b6c44e8e62db06944259de43f86d2354d18112b1c91516958f",
      "ownership": "advisory"
    },
    "docs/standards/testing-standards.md": {
      "digest": "sha256:9b1d1a7a9af035a991c17970500d1df839ba6050e7e57bf6711357e74edace95",
      "ownership": "advisory"
    }
  },
  "symlinks": {
    ".claude/rules/speclaw": {
      "target": "../../ai-specs/rules"
    }
  },
  "accepted": []
}
