{
  "lockfileVersion": 1,
  "generator": "@esneiderbravo/speclaw@1.0.0",
  "algorithm": "sha256",
  "root": "sha256:530515e4e4e4ca96b47fb1ba29516d93256267430987105641fa712bfde42b34",
  "files": {
    "AGENTS.md": {
      "digest": "sha256:63dc1f3876b1af5e0ae1523f8bd62f8bd12d381139162a1e45d61181ba8da357",
      "ownership": "strict"
    },
    "CLAUDE.md": {
      "digest": "sha256:89622ce82395a8539c5538293f48329c1879b3b85e55d0c3320b3d221ff53b36",
      "ownership": "strict"
    },
    "LAWS.md": {
      "digest": "sha256:d02c39f11aae1e591951eeb30cb0caeb1c885739bd9753026f719a9f16836fb0",
      "ownership": "advisory"
    },
    "docs/compass.md": {
      "digest": "sha256:e57689190ea0202825de285d2188329f6c814234a8871837b0d6e42a70f1bb59",
      "ownership": "advisory"
    },
    "docs/standards/architecture.md": {
      "digest": "sha256:c57cd71dc9e2401b093782be6565673ba6abec57c7834312b95802a95d931125",
      "ownership": "advisory"
    },
    "docs/standards/backend-standards.md": {
      "digest": "sha256:837a0f87736c338c520c12d66ff46654276aef62170c0688ab2680274b78381e",
      "ownership": "advisory"
    },
    "docs/standards/base-standards.md": {
      "digest": "sha256:855ddaa3a601d774cc19240e771cfb80c262d9ceb7837952e132215bf9f59f12",
      "ownership": "advisory"
    },
    "docs/standards/conventions.md": {
      "digest": "sha256:bf59e90a6f0ed7f723cba5c4b6b940aef023a19a7c19a0c142cfdcd4731670e1",
      "ownership": "advisory"
    },
    "docs/standards/documentation.md": {
      "digest": "sha256:aabfc96579c73a8f3ac6690c682f016ac21bc98bc045fd94207de0049b137943",
      "ownership": "advisory"
    },
    "docs/standards/frontend-standards.md": {
      "digest": "sha256:09a444869c57ec2566ba52f95328f363a91693e6677a5fef07426c86ced64eb6",
      "ownership": "advisory"
    },
    "docs/standards/lawbook.md": {
      "digest": "sha256:fc4979cf7be23b1a25b782768d08e8efed824a6b3b5b1b8eab47927c75f0e260",
      "ownership": "advisory"
    },
    "docs/standards/testing-standards.md": {
      "digest": "sha256:ea67972e0e051c7363066ed3a0f3b9584c54acad4c3e1b1a19067a01d42f75e9",
      "ownership": "advisory"
    }
  },
  "symlinks": {
    ".claude/rules/speclaw": {
      "target": "../../ai-specs/rules"
    }
  },
  "accepted": []
}
